<?xml version="1.0" encoding="UTF-8"?>
<Scheme
   LastUpgradeVersion = "1020"
   version = "1.3">
   <BuildAction
      parallelizeBuildables = "YES"
      buildImplicitDependencies = "YES">
      <BuildActionEntries>
         <BuildActionEntry
            buildForTesting = "YES"
            buildForRunning = "YES"
            buildForProfiling = "YES"
            buildForArchiving = "YES"
            buildForAnalyzing = "YES">
            <BuildableReference
               BuildableIdentifier = "primary"
               BlueprintIdentifier = "98296393238BCC7400F88524"
               BuildableName = "2_Analyza_ramcov_hlavicky"
               BlueprintName = "2_Analyza_ramcov_hlavicky"
               ReferencedContainer = "container:2_Analyza_ramcov_hlavicky.xcodeproj">
            </BuildableReference>
         </BuildActionEntry>
      </BuildActionEntries>
   </BuildAction>
   <TestAction
      buildConfiguration = "Debug"
      selectedDebuggerIdentifier = "Xcode.DebuggerFoundation.Debugger.LLDB"
      selectedLauncherIdentifier = "Xcode.DebuggerFoundation.Launcher.LLDB"
      shouldUseLaunchSchemeArgsEnv = "YES">
      <Testables>
         <TestableReference
            skipped = "NO">
            <BuildableReference
               BuildableIdentifier = "primary"
               BlueprintIdentifier = "982963A1238BCC8900F88524"
               BuildableName = "Test_2_Analyza_ramcov_hlavicky.xctest"
               BlueprintName = "Test_2_Analyza_ramcov_hlavicky"
               ReferencedContainer = "container:2_Analyza_ramcov_hlavicky.xcodeproj">
            </BuildableReference>
         </TestableReference>
      </Testables>
      <MacroExpansion>
         <BuildableReference
            BuildableIdentifier = "primary"
            BlueprintIdentifier = "98296393238BCC7400F88524"
            BuildableName = "2_Analyza_ramcov_hlavicky"
            BlueprintName = "2_Analyza_ramcov_hlavicky"
            ReferencedContainer = "container:2_Analyza_ramcov_hlavicky.xcodeproj">
         </BuildableReference>
      </MacroExpansion>
      <AdditionalOptions>
      </AdditionalOptions>
   </TestAction>
   <LaunchAction
      buildConfiguration = "Debug"
      selectedDebuggerIdentifier = "Xcode.DebuggerFoundation.Debugger.LLDB"
      selectedLauncherIdentifier = "Xcode.DebuggerFoundation.Launcher.LLDB"
      launchStyle = "0"
      useCustomWorkingDirectory = "NO"
      ignoresPersistentStateOnLaunch = "NO"
      debugDocumentVersioning = "YES"
      debugServiceExtension = "internal"
      allowLocationSimulation = "YES">
      <BuildableProductRunnable
         runnableDebuggingMode = "0">
         <BuildableReference
            BuildableIdentifier = "primary"
            BlueprintIdentifier = "98296393238BCC7400F88524"
            BuildableName = "2_Analyza_ramcov_hlavicky"
            BlueprintName = "2_Analyza_ramcov_hlavicky"
            ReferencedContainer = "container:2_Analyza_ramcov_hlavicky.xcodeproj">
         </BuildableReference>
      </BuildableProductRunnable>
      <CommandLineArguments>
         <CommandLineArgument
            argument = "eth-1.pcap"
            isEnabled = "NO">
         </CommandLineArgument>
         <CommandLineArgument
            argument = "trace-1.pcap"
            isEnabled = "NO">
         </CommandLineArgument>
         <CommandLineArgument
            argument = "trace-2.pcap"
            isEnabled = "NO">
         </CommandLineArgument>
         <CommandLineArgument
            argument = "trace-3.pcap"
            isEnabled = "NO">
         </CommandLineArgument>
         <CommandLineArgument
            argument = "trace-22.pcap"
            isEnabled = "NO">
         </CommandLineArgument>
         <CommandLineArgument
            argument = "trace-25.pcap"
            isEnabled = "NO">
         </CommandLineArgument>
         <CommandLineArgument
            argument = "trace-26.pcap"
            isEnabled = "NO">
         </CommandLineArgument>
         <CommandLineArgument
            argument = "trace-27.pcap"
            isEnabled = "NO">
         </CommandLineArgument>
         <CommandLineArgument
            argument = "http.pcap"
            isEnabled = "YES">
         </CommandLineArgument>
      </CommandLineArguments>
      <AdditionalOptions>
      </AdditionalOptions>
   </LaunchAction>
   <ProfileAction
      buildConfiguration = "Release"
      shouldUseLaunchSchemeArgsEnv = "YES"
      savedToolIdentifier = ""
      useCustomWorkingDirectory = "NO"
      debugDocumentVersioning = "YES">
      <BuildableProductRunnable
         runnableDebuggingMode = "0">
         <BuildableReference
            BuildableIdentifier = "primary"
            BlueprintIdentifier = "98296393238BCC7400F88524"
            BuildableName = "2_Analyza_ramcov_hlavicky"
            BlueprintName = "2_Analyza_ramcov_hlavicky"
            ReferencedContainer = "container:2_Analyza_ramcov_hlavicky.xcodeproj">
         </BuildableReference>
      </BuildableProductRunnable>
   </ProfileAction>
   <AnalyzeAction
      buildConfiguration = "Debug">
   </AnalyzeAction>
   <ArchiveAction
      buildConfiguration = "Release"
      revealArchiveInOrganizer = "YES">
   </ArchiveAction>
</Scheme>
